{
  "name": "gr",
  "version": "1.0.0",
  "lockfileVersion": 1,
  "requires": true,
  "dependencies": {
    "@assemblyscript/loader": {
      "version": "0.18.32",
      "resolved": "https://registry.npmjs.org/@assemblyscript/loader/-/loader-0.18.32.tgz",
      "integrity": "sha512-fq+nWvQuwASkTgchjMsnLyharobzPJIKx4KGoSlkS1ffrsnjabok2oOH7jAIFW4RMz3JXjHxMONbAmcxzyrcUw=="
    },
    "assemblyscript": {
      "version": "0.18.32",
      "resolved": "https://registry.npmjs.org/assemblyscript/-/assemblyscript-0.18.32.tgz",
      "integrity": "sha512-Py6zremwGhO3nSoI/VxyVUzTZfNhTjzNzFDaUdG4JhPJHeG+FzVlEoNCrw4bE5nPc7F+P2DJ8tZQCqIt15ceKw==",
      "dev": true,
      "requires": {
        "binaryen": "100.0.0-nightly.20210413",
        "long": "^4.0.0"
      }
    },
    "binaryen": {
      "version": "100.0.0-nightly.20210413",
      "resolved": "https://registry.npmjs.org/binaryen/-/binaryen-100.0.0-nightly.20210413.tgz",
      "integrity": "sha512-EeGLIxQmJS0xnYl+SH34mNBqVMoixKd9nsE7S7z+CtS9A4eoWn3Qjav+XElgunUgXIHAI5yLnYT2TUGnLX2f1w==",
      "dev": true
    },
    "chart.js": {
      "version": "3.3.0",
      "resolved": "https://registry.npmjs.org/chart.js/-/chart.js-3.3.0.tgz",
      "integrity": "sha512-3pO3kL2st1Lzhw+HTGvDwcNYWustHwvApM/v7b2td6CrthyEygbPoXaN/iGZfUpfuovZfJ4dy129RCr39BR1Bg=="
    },
    "long": {
      "version": "4.0.0",
      "resolved": "https://registry.npmjs.org/long/-/long-4.0.0.tgz",
      "integrity": "sha512-XsP+KhQif4bjX1kbuSiySJFNAehNxgLb6hPRGJ9QsUr8ajHkuXGdrHmFUTUUXhDwVX2R5bY4JNZEwbUiMhV+MA==",
      "dev": true
    }
  }
}
